
Microsoft Visual Studio Solution File, Format Version 12.00
# Visual Studio Version 16
VisualStudioVersion = 16.0.28803.156
MinimumVisualStudioVersion = 10.0.40219.1
Project("{9A19103F-16F7-4668-BE54-9A1E7A4F7556}") = "PrefixMapSum", "PrefixMapSum\PrefixMapSum.csproj", "{9B0CEB3A-3D5C-415E-BC93-9301987F6889}"
EndProject
Project("{9A19103F-16F7-4668-BE54-9A1E7A4F7556}") = "PrefixMapSum.Tests", "PrefixMapSum.Tests\PrefixMapSum.Tests.csproj", "{4E6F4027-136A-43AA-941A-3A1663F2333D}"
EndProject
Project("{2150E333-8FDC-42A3-9474-1A3956D46DE8}") = "Tests", "Tests", "{5ABB6C4E-593A-47DB-B87A-3FCFEAAE8929}"
EndProject
Project("{9A19103F-16F7-4668-BE54-9A1E7A4F7556}") = "Rand5", "Rand5\Rand5.csproj", "{C29A14CD-9931-40CC-BDE2-B49631ED4DA0}"
EndProject
Project("{9A19103F-16F7-4668-BE54-9A1E7A4F7556}") = "BinaryTree", "BinaryTree\BinaryTree.csproj", "{41C0427E-3C8B-4C31-B310-2030408BE004}"
EndProject
Project("{9A19103F-16F7-4668-BE54-9A1E7A4F7556}") = "FizzBuzz", "FizzBuzz\FizzBuzz.csproj", "{84AB93FA-7015-4CD5-A8E6-CE33DC39E97C}"
EndProject
Project("{9A19103F-16F7-4668-BE54-9A1E7A4F7556}") = "FizzBuzz.Tests", "FizzBuzz.Tests\FizzBuzz.Tests.csproj", "{99DB68E5-E186-4C46-9B7E-59B2956BB0CD}"
EndProject
Project("{FAE04EC0-301F-11D3-BF4B-00C04F79EFBC}") = "RomanNumeralCalculator", "RomanNumeralCalculator\RomanNumeralCalculator.csproj", "{59B2880A-28D8-40A8-9373-9B0F830846BC}"
EndProject
Project("{FAE04EC0-301F-11D3-BF4B-00C04F79EFBC}") = "RomanNumeralCalculator.Tests", "RomanNumeralCalculator.Tests\RomanNumeralCalculator.Tests.csproj", "{FD721FC9-D4F9-449E-8187-A3DA438C9D9B}"
EndProject
Global
	GlobalSection(SolutionConfigurationPlatforms) = preSolution
		Debug|Any CPU = Debug|Any CPU
		Release|Any CPU = Release|Any CPU
	EndGlobalSection
	GlobalSection(ProjectConfigurationPlatforms) = postSolution
		{9B0CEB3A-3D5C-415E-BC93-9301987F6889}.Debug|Any CPU.ActiveCfg = Debug|Any CPU
		{9B0CEB3A-3D5C-415E-BC93-9301987F6889}.Debug|Any CPU.Build.0 = Debug|Any CPU
		{9B0CEB3A-3D5C-415E-BC93-9301987F6889}.Release|Any CPU.ActiveCfg = Release|Any CPU
		{9B0CEB3A-3D5C-415E-BC93-9301987F6889}.Release|Any CPU.Build.0 = Release|Any CPU
		{4E6F4027-136A-43AA-941A-3A1663F2333D}.Debug|Any CPU.ActiveCfg = Debug|Any CPU
		{4E6F4027-136A-43AA-941A-3A1663F2333D}.Debug|Any CPU.Build.0 = Debug|Any CPU
		{4E6F4027-136A-43AA-941A-3A1663F2333D}.Release|Any CPU.ActiveCfg = Release|Any CPU
		{4E6F4027-136A-43AA-941A-3A1663F2333D}.Release|Any CPU.Build.0 = Release|Any CPU
		{C29A14CD-9931-40CC-BDE2-B49631ED4DA0}.Debug|Any CPU.ActiveCfg = Debug|Any CPU
		{C29A14CD-9931-40CC-BDE2-B49631ED4DA0}.Debug|Any CPU.Build.0 = Debug|Any CPU
		{C29A14CD-9931-40CC-BDE2-B49631ED4DA0}.Release|Any CPU.ActiveCfg = Release|Any CPU
		{C29A14CD-9931-40CC-BDE2-B49631ED4DA0}.Release|Any CPU.Build.0 = Release|Any CPU
		{41C0427E-3C8B-4C31-B310-2030408BE004}.Debug|Any CPU.ActiveCfg = Debug|Any CPU
		{41C0427E-3C8B-4C31-B310-2030408BE004}.Debug|Any CPU.Build.0 = Debug|Any CPU
		{41C0427E-3C8B-4C31-B310-2030408BE004}.Release|Any CPU.ActiveCfg = Release|Any CPU
		{41C0427E-3C8B-4C31-B310-2030408BE004}.Release|Any CPU.Build.0 = Release|Any CPU
		{84AB93FA-7015-4CD5-A8E6-CE33DC39E97C}.Debug|Any CPU.ActiveCfg = Debug|Any CPU
		{84AB93FA-7015-4CD5-A8E6-CE33DC39E97C}.Debug|Any CPU.Build.0 = Debug|Any CPU
		{84AB93FA-7015-4CD5-A8E6-CE33DC39E97C}.Release|Any CPU.ActiveCfg = Release|Any CPU
		{84AB93FA-7015-4CD5-A8E6-CE33DC39E97C}.Release|Any CPU.Build.0 = Release|Any CPU
		{99DB68E5-E186-4C46-9B7E-59B2956BB0CD}.Debug|Any CPU.ActiveCfg = Debug|Any CPU
		{99DB68E5-E186-4C46-9B7E-59B2956BB0CD}.Debug|Any CPU.Build.0 = Debug|Any CPU
		{99DB68E5-E186-4C46-9B7E-59B2956BB0CD}.Release|Any CPU.ActiveCfg = Release|Any CPU
		{99DB68E5-E186-4C46-9B7E-59B2956BB0CD}.Release|Any CPU.Build.0 = Release|Any CPU
		{59B2880A-28D8-40A8-9373-9B0F830846BC}.Debug|Any CPU.ActiveCfg = Debug|Any CPU
		{59B2880A-28D8-40A8-9373-9B0F830846BC}.Debug|Any CPU.Build.0 = Debug|Any CPU
		{59B2880A-28D8-40A8-9373-9B0F830846BC}.Release|Any CPU.ActiveCfg = Release|Any CPU
		{59B2880A-28D8-40A8-9373-9B0F830846BC}.Release|Any CPU.Build.0 = Release|Any CPU
		{FD721FC9-D4F9-449E-8187-A3DA438C9D9B}.Debug|Any CPU.ActiveCfg = Debug|Any CPU
		{FD721FC9-D4F9-449E-8187-A3DA438C9D9B}.Debug|Any CPU.Build.0 = Debug|Any CPU
		{FD721FC9-D4F9-449E-8187-A3DA438C9D9B}.Release|Any CPU.ActiveCfg = Release|Any CPU
		{FD721FC9-D4F9-449E-8187-A3DA438C9D9B}.Release|Any CPU.Build.0 = Release|Any CPU
	EndGlobalSection
	GlobalSection(SolutionProperties) = preSolution
		HideSolutionNode = FALSE
	EndGlobalSection
	GlobalSection(NestedProjects) = preSolution
		{4E6F4027-136A-43AA-941A-3A1663F2333D} = {5ABB6C4E-593A-47DB-B87A-3FCFEAAE8929}
		{99DB68E5-E186-4C46-9B7E-59B2956BB0CD} = {5ABB6C4E-593A-47DB-B87A-3FCFEAAE8929}
		{FD721FC9-D4F9-449E-8187-A3DA438C9D9B} = {5ABB6C4E-593A-47DB-B87A-3FCFEAAE8929}
	EndGlobalSection
	GlobalSection(ExtensibilityGlobals) = postSolution
		SolutionGuid = {4AEB8BE2-0554-40A3-8CBB-691965FED383}
	EndGlobalSection
EndGlobal
